
Microsoft Visual Studio Solution File, Format Version 12.00
# Visual Studio Version 16
VisualStudioVersion = 16.0.30114.105
MinimumVisualStudioVersion = 10.0.40219.1
Project("{FAE04EC0-301F-11D3-BF4B-00C04F79EFBC}") = "PPTVoiceSorter", "PPTVoiceSorter\PPTVoiceSorter.csproj", "{A246155F-F883-4050-ABB2-EA4156928842}"
EndProject
Global
	GlobalSection(SolutionConfigurationPlatforms) = preSolution
		Debug|Any CPU = Debug|Any CPU
		Release|Any CPU = Release|Any CPU
	EndGlobalSection
	GlobalSection(ProjectConfigurationPlatforms) = postSolution
		{A246155F-F883-4050-ABB2-EA4156928842}.Debug|Any CPU.ActiveCfg = Debug|Any CPU
		{A246155F-F883-4050-ABB2-EA4156928842}.Debug|Any CPU.Build.0 = Debug|Any CPU
		{A246155F-F883-4050-ABB2-EA4156928842}.Release|Any CPU.ActiveCfg = Release|Any CPU
		{A246155F-F883-4050-ABB2-EA4156928842}.Release|Any CPU.Build.0 = Release|Any CPU
	EndGlobalSection
	GlobalSection(SolutionProperties) = preSolution
		HideSolutionNode = FALSE
	EndGlobalSection
	GlobalSection(ExtensibilityGlobals) = postSolution
		SolutionGuid = {2F2D5DAB-C86B-4D7A-9C0B-500FC53E347E}
	EndGlobalSection
EndGlobal
